
Microsoft Visual Studio Solution File, Format Version 12.00
# Visual Studio 14
VisualStudioVersion = 14.0.25420.1
MinimumVisualStudioVersion = 10.0.40219.1
Project("{FAE04EC0-301F-11D3-BF4B-00C04F79EFBC}") = "Nothwind.Repositorios.SqlServer.Ado", "Nothwind.Repositorios.SqlServer.Ado\Nothwind.Repositorios.SqlServer.Ado.csproj", "{3ECEB2ED-FD81-4E36-B132-B76402042845}"
EndProject
Project("{FAE04EC0-301F-11D3-BF4B-00C04F79EFBC}") = "Nothwind.Repositorios.SqlServer.AdoTests", "Nothwind.Repositorios.SqlServer.AdoTests\Nothwind.Repositorios.SqlServer.AdoTests.csproj", "{E10BE05B-7027-4244-9AC0-285BC5DC1180}"
EndProject
Project("{FAE04EC0-301F-11D3-BF4B-00C04F79EFBC}") = "Northwind.WebForms", "Northwind.WebForms\Northwind.WebForms.csproj", "{9770B9D2-0F5B-4AF2-BD36-9C25370C8331}"
EndProject
Project("{FAE04EC0-301F-11D3-BF4B-00C04F79EFBC}") = "Northwind.Modelo", "Northwind.Modelo\Northwind.Modelo.csproj", "{9207D07F-87BD-4FE9-ABE9-4E35DC1F5E4C}"
EndProject
Project("{FAE04EC0-301F-11D3-BF4B-00C04F79EFBC}") = "Northwind.Mvc", "Northwind.Mvc\Northwind.Mvc.csproj", "{CA929182-14EC-434C-9C70-DBE710BF8224}"
EndProject
Project("{FAE04EC0-301F-11D3-BF4B-00C04F79EFBC}") = "Loja.Repositorios.SqlServer.EF", "Loja.Repositorios.SqlServer.EF\Loja.Repositorios.SqlServer.EF.csproj", "{C73263F5-A710-403C-BB4A-E3626BBE001F}"
EndProject
Project("{FAE04EC0-301F-11D3-BF4B-00C04F79EFBC}") = "Loja.Modelo", "Loja.Modelo\Loja.Modelo.csproj", "{A1B4B000-D272-414E-8E98-86119227453A}"
EndProject
Project("{FAE04EC0-301F-11D3-BF4B-00C04F79EFBC}") = "Loja.Repositorios.SqlServer.EFTests", "Loja.Repositorios.SqlServer.EFTests\Loja.Repositorios.SqlServer.EFTests.csproj", "{71DBBA13-19DA-420D-B7EB-02BE390D1105}"
EndProject
Project("{FAE04EC0-301F-11D3-BF4B-00C04F79EFBC}") = "Loja.Mvc", "Loja.Mvc\Loja.Mvc.csproj", "{76EC8556-337B-4E48-949C-413B76DE9E01}"
EndProject
Project("{FAE04EC0-301F-11D3-BF4B-00C04F79EFBC}") = "AdventureWorks.Repositorios.SqlServer.EF", "AdventureWorks.Repositorios.SqlServer.EF\AdventureWorks.Repositorios.SqlServer.EF.csproj", "{2411CB46-A3F7-40A6-83F7-5C267477DB20}"
EndProject
Project("{FAE04EC0-301F-11D3-BF4B-00C04F79EFBC}") = "AdventureWorks.Wcf", "AdventureWorks.Wcf\AdventureWorks.Wcf.csproj", "{51D836A2-DA89-45DF-8B54-9691D078A6C9}"
EndProject
Project("{FAE04EC0-301F-11D3-BF4B-00C04F79EFBC}") = "AdventureWorks.Wcf.teste", "AdventureWorks.Wcf.teste\AdventureWorks.Wcf.teste.csproj", "{08E95E7E-9E34-4DEB-B202-3843B858A176}"
	ProjectSection(ProjectDependencies) = postProject
		{51D836A2-DA89-45DF-8B54-9691D078A6C9} = {51D836A2-DA89-45DF-8B54-9691D078A6C9}
	EndProjectSection
EndProject
Project("{2150E333-8FDC-42A3-9474-1A3956D46DE8}") = "Loja", "Loja", "{9F2F50EA-3619-4252-9FBF-48D34EDB92F9}"
EndProject
Project("{2150E333-8FDC-42A3-9474-1A3956D46DE8}") = "AdvW", "AdvW", "{2F34E42F-5240-4FC7-B3BA-5F12F70C51B6}"
EndProject
Project("{2150E333-8FDC-42A3-9474-1A3956D46DE8}") = "NorthWind", "NorthWind", "{9DBD3D22-315D-4E67-B262-5186B7019703}"
EndProject
Global
	GlobalSection(SolutionConfigurationPlatforms) = preSolution
		Debug|Any CPU = Debug|Any CPU
		Release|Any CPU = Release|Any CPU
	EndGlobalSection
	GlobalSection(ProjectConfigurationPlatforms) = postSolution
		{3ECEB2ED-FD81-4E36-B132-B76402042845}.Debug|Any CPU.ActiveCfg = Debug|Any CPU
		{3ECEB2ED-FD81-4E36-B132-B76402042845}.Debug|Any CPU.Build.0 = Debug|Any CPU
		{3ECEB2ED-FD81-4E36-B132-B76402042845}.Release|Any CPU.ActiveCfg = Release|Any CPU
		{3ECEB2ED-FD81-4E36-B132-B76402042845}.Release|Any CPU.Build.0 = Release|Any CPU
		{E10BE05B-7027-4244-9AC0-285BC5DC1180}.Debug|Any CPU.ActiveCfg = Debug|Any CPU
		{E10BE05B-7027-4244-9AC0-285BC5DC1180}.Debug|Any CPU.Build.0 = Debug|Any CPU
		{E10BE05B-7027-4244-9AC0-285BC5DC1180}.Release|Any CPU.ActiveCfg = Release|Any CPU
		{E10BE05B-7027-4244-9AC0-285BC5DC1180}.Release|Any CPU.Build.0 = Release|Any CPU
		{9770B9D2-0F5B-4AF2-BD36-9C25370C8331}.Debug|Any CPU.ActiveCfg = Debug|Any CPU
		{9770B9D2-0F5B-4AF2-BD36-9C25370C8331}.Debug|Any CPU.Build.0 = Debug|Any CPU
		{9770B9D2-0F5B-4AF2-BD36-9C25370C8331}.Release|Any CPU.ActiveCfg = Release|Any CPU
		{9770B9D2-0F5B-4AF2-BD36-9C25370C8331}.Release|Any CPU.Build.0 = Release|Any CPU
		{9207D07F-87BD-4FE9-ABE9-4E35DC1F5E4C}.Debug|Any CPU.ActiveCfg = Debug|Any CPU
		{9207D07F-87BD-4FE9-ABE9-4E35DC1F5E4C}.Debug|Any CPU.Build.0 = Debug|Any CPU
		{9207D07F-87BD-4FE9-ABE9-4E35DC1F5E4C}.Release|Any CPU.ActiveCfg = Release|Any CPU
		{9207D07F-87BD-4FE9-ABE9-4E35DC1F5E4C}.Release|Any CPU.Build.0 = Release|Any CPU
		{CA929182-14EC-434C-9C70-DBE710BF8224}.Debug|Any CPU.ActiveCfg = Debug|Any CPU
		{CA929182-14EC-434C-9C70-DBE710BF8224}.Debug|Any CPU.Build.0 = Debug|Any CPU
		{CA929182-14EC-434C-9C70-DBE710BF8224}.Release|Any CPU.ActiveCfg = Release|Any CPU
		{CA929182-14EC-434C-9C70-DBE710BF8224}.Release|Any CPU.Build.0 = Release|Any CPU
		{C73263F5-A710-403C-BB4A-E3626BBE001F}.Debug|Any CPU.ActiveCfg = Debug|Any CPU
		{C73263F5-A710-403C-BB4A-E3626BBE001F}.Debug|Any CPU.Build.0 = Debug|Any CPU
		{C73263F5-A710-403C-BB4A-E3626BBE001F}.Release|Any CPU.ActiveCfg = Release|Any CPU
		{C73263F5-A710-403C-BB4A-E3626BBE001F}.Release|Any CPU.Build.0 = Release|Any CPU
		{A1B4B000-D272-414E-8E98-86119227453A}.Debug|Any CPU.ActiveCfg = Debug|Any CPU
		{A1B4B000-D272-414E-8E98-86119227453A}.Debug|Any CPU.Build.0 = Debug|Any CPU
		{A1B4B000-D272-414E-8E98-86119227453A}.Release|Any CPU.ActiveCfg = Release|Any CPU
		{A1B4B000-D272-414E-8E98-86119227453A}.Release|Any CPU.Build.0 = Release|Any CPU
		{71DBBA13-19DA-420D-B7EB-02BE390D1105}.Debug|Any CPU.ActiveCfg = Debug|Any CPU
		{71DBBA13-19DA-420D-B7EB-02BE390D1105}.Debug|Any CPU.Build.0 = Debug|Any CPU
		{71DBBA13-19DA-420D-B7EB-02BE390D1105}.Release|Any CPU.ActiveCfg = Release|Any CPU
		{71DBBA13-19DA-420D-B7EB-02BE390D1105}.Release|Any CPU.Build.0 = Release|Any CPU
		{76EC8556-337B-4E48-949C-413B76DE9E01}.Debug|Any CPU.ActiveCfg = Debug|Any CPU
		{76EC8556-337B-4E48-949C-413B76DE9E01}.Debug|Any CPU.Build.0 = Debug|Any CPU
		{76EC8556-337B-4E48-949C-413B76DE9E01}.Release|Any CPU.ActiveCfg = Release|Any CPU
		{76EC8556-337B-4E48-949C-413B76DE9E01}.Release|Any CPU.Build.0 = Release|Any CPU
		{2411CB46-A3F7-40A6-83F7-5C267477DB20}.Debug|Any CPU.ActiveCfg = Debug|Any CPU
		{2411CB46-A3F7-40A6-83F7-5C267477DB20}.Debug|Any CPU.Build.0 = Debug|Any CPU
		{2411CB46-A3F7-40A6-83F7-5C267477DB20}.Release|Any CPU.ActiveCfg = Release|Any CPU
		{2411CB46-A3F7-40A6-83F7-5C267477DB20}.Release|Any CPU.Build.0 = Release|Any CPU
		{51D836A2-DA89-45DF-8B54-9691D078A6C9}.Debug|Any CPU.ActiveCfg = Debug|Any CPU
		{51D836A2-DA89-45DF-8B54-9691D078A6C9}.Debug|Any CPU.Build.0 = Debug|Any CPU
		{51D836A2-DA89-45DF-8B54-9691D078A6C9}.Release|Any CPU.ActiveCfg = Release|Any CPU
		{51D836A2-DA89-45DF-8B54-9691D078A6C9}.Release|Any CPU.Build.0 = Release|Any CPU
		{08E95E7E-9E34-4DEB-B202-3843B858A176}.Debug|Any CPU.ActiveCfg = Debug|Any CPU
		{08E95E7E-9E34-4DEB-B202-3843B858A176}.Debug|Any CPU.Build.0 = Debug|Any CPU
		{08E95E7E-9E34-4DEB-B202-3843B858A176}.Release|Any CPU.ActiveCfg = Release|Any CPU
		{08E95E7E-9E34-4DEB-B202-3843B858A176}.Release|Any CPU.Build.0 = Release|Any CPU
	EndGlobalSection
	GlobalSection(SolutionProperties) = preSolution
		HideSolutionNode = FALSE
	EndGlobalSection
	GlobalSection(NestedProjects) = preSolution
		{3ECEB2ED-FD81-4E36-B132-B76402042845} = {9DBD3D22-315D-4E67-B262-5186B7019703}
		{E10BE05B-7027-4244-9AC0-285BC5DC1180} = {9DBD3D22-315D-4E67-B262-5186B7019703}
		{9770B9D2-0F5B-4AF2-BD36-9C25370C8331} = {9DBD3D22-315D-4E67-B262-5186B7019703}
		{9207D07F-87BD-4FE9-ABE9-4E35DC1F5E4C} = {9DBD3D22-315D-4E67-B262-5186B7019703}
		{CA929182-14EC-434C-9C70-DBE710BF8224} = {9DBD3D22-315D-4E67-B262-5186B7019703}
		{C73263F5-A710-403C-BB4A-E3626BBE001F} = {9F2F50EA-3619-4252-9FBF-48D34EDB92F9}
		{A1B4B000-D272-414E-8E98-86119227453A} = {9F2F50EA-3619-4252-9FBF-48D34EDB92F9}
		{71DBBA13-19DA-420D-B7EB-02BE390D1105} = {9F2F50EA-3619-4252-9FBF-48D34EDB92F9}
		{76EC8556-337B-4E48-949C-413B76DE9E01} = {9F2F50EA-3619-4252-9FBF-48D34EDB92F9}
		{2411CB46-A3F7-40A6-83F7-5C267477DB20} = {2F34E42F-5240-4FC7-B3BA-5F12F70C51B6}
		{51D836A2-DA89-45DF-8B54-9691D078A6C9} = {2F34E42F-5240-4FC7-B3BA-5F12F70C51B6}
		{08E95E7E-9E34-4DEB-B202-3843B858A176} = {2F34E42F-5240-4FC7-B3BA-5F12F70C51B6}
	EndGlobalSection
EndGlobal
